
Microsoft Visual Studio Solution File, Format Version 12.00
# Visual Studio Version 16
VisualStudioVersion = 16.0.31729.503
MinimumVisualStudioVersion = 10.0.40219.1
Project("{FAE04EC0-301F-11D3-BF4B-00C04F79EFBC}") = "Buttons", "Buttons.csproj", "{FDFD6A55-2C98-43A8-81CA-33E900937F51}"
EndProject
Global
	GlobalSection(SolutionConfigurationPlatforms) = preSolution
		Debug|Any CPU = Debug|Any CPU
		Release|Any CPU = Release|Any CPU
	EndGlobalSection
	GlobalSection(ProjectConfigurationPlatforms) = postSolution
		{FDFD6A55-2C98-43A8-81CA-33E900937F51}.Debug|Any CPU.ActiveCfg = Debug|Any CPU
		{FDFD6A55-2C98-43A8-81CA-33E900937F51}.Debug|Any CPU.Build.0 = Debug|Any CPU
		{FDFD6A55-2C98-43A8-81CA-33E900937F51}.Release|Any CPU.ActiveCfg = Release|Any CPU
		{FDFD6A55-2C98-43A8-81CA-33E900937F51}.Release|Any CPU.Build.0 = Release|Any CPU
	EndGlobalSection
	GlobalSection(SolutionProperties) = preSolution
		HideSolutionNode = FALSE
	EndGlobalSection
	GlobalSection(ExtensibilityGlobals) = postSolution
		SolutionGuid = {F7A96206-49FC-42E8-A2E2-EACD573D0DA9}
	EndGlobalSection
EndGlobal
